
Microsoft Visual Studio Solution File, Format Version 12.00
# Visual Studio Version 16
VisualStudioVersion = 16.0.31105.61
MinimumVisualStudioVersion = 10.0.40219.1
Project("{2150E333-8FDC-42A3-9474-1A3956D46DE8}") = "src", "src", "{4901120B-E1E0-4032-B33E-D0A0AA12F741}"
EndProject
Project("{2150E333-8FDC-42A3-9474-1A3956D46DE8}") = "Catalog", "Catalog", "{0533AA41-349F-4F94-A313-F1422FF0C7D0}"
EndProject
Project("{9A19103F-16F7-4668-BE54-9A1E7A4F7556}") = "Catalog.API", "src\Catalog\Catalog.API\Catalog.API.csproj", "{EF9F4C89-45EF-457C-9154-771226EF4BE5}"
EndProject
Project("{E53339B2-1760-4266-BCC7-CA923CBCF16C}") = "docker-compose", "docker-compose.dcproj", "{34ABDFB2-DDBC-430E-A06F-38066EE6F915}"
EndProject
Global
	GlobalSection(SolutionConfigurationPlatforms) = preSolution
		Debug|Any CPU = Debug|Any CPU
		Release|Any CPU = Release|Any CPU
	EndGlobalSection
	GlobalSection(ProjectConfigurationPlatforms) = postSolution
		{EF9F4C89-45EF-457C-9154-771226EF4BE5}.Debug|Any CPU.ActiveCfg = Debug|Any CPU
		{EF9F4C89-45EF-457C-9154-771226EF4BE5}.Debug|Any CPU.Build.0 = Debug|Any CPU
		{EF9F4C89-45EF-457C-9154-771226EF4BE5}.Release|Any CPU.ActiveCfg = Release|Any CPU
		{EF9F4C89-45EF-457C-9154-771226EF4BE5}.Release|Any CPU.Build.0 = Release|Any CPU
		{34ABDFB2-DDBC-430E-A06F-38066EE6F915}.Debug|Any CPU.ActiveCfg = Debug|Any CPU
		{34ABDFB2-DDBC-430E-A06F-38066EE6F915}.Debug|Any CPU.Build.0 = Debug|Any CPU
		{34ABDFB2-DDBC-430E-A06F-38066EE6F915}.Release|Any CPU.ActiveCfg = Release|Any CPU
		{34ABDFB2-DDBC-430E-A06F-38066EE6F915}.Release|Any CPU.Build.0 = Release|Any CPU
	EndGlobalSection
	GlobalSection(SolutionProperties) = preSolution
		HideSolutionNode = FALSE
	EndGlobalSection
	GlobalSection(NestedProjects) = preSolution
		{0533AA41-349F-4F94-A313-F1422FF0C7D0} = {4901120B-E1E0-4032-B33E-D0A0AA12F741}
		{EF9F4C89-45EF-457C-9154-771226EF4BE5} = {0533AA41-349F-4F94-A313-F1422FF0C7D0}
	EndGlobalSection
	GlobalSection(ExtensibilityGlobals) = postSolution
		SolutionGuid = {E2E1C90A-1CA5-4620-AF3E-43AD16478B6A}
	EndGlobalSection
EndGlobal
