
Microsoft Visual Studio Solution File, Format Version 12.00
# Visual Studio Version 16
VisualStudioVersion = 16.0.31105.61
MinimumVisualStudioVersion = 10.0.40219.1
Project("{2150E333-8FDC-42A3-9474-1A3956D46DE8}") = "src", "src", "{4901120B-E1E0-4032-B33E-D0A0AA12F741}"
EndProject
Project("{2150E333-8FDC-42A3-9474-1A3956D46DE8}") = "Catalog", "Catalog", "{0533AA41-349F-4F94-A313-F1422FF0C7D0}"
EndProject
Global
	GlobalSection(SolutionProperties) = preSolution
		HideSolutionNode = FALSE
	EndGlobalSection
	GlobalSection(NestedProjects) = preSolution
		{0533AA41-349F-4F94-A313-F1422FF0C7D0} = {4901120B-E1E0-4032-B33E-D0A0AA12F741}
	EndGlobalSection
	GlobalSection(ExtensibilityGlobals) = postSolution
		SolutionGuid = {E2E1C90A-1CA5-4620-AF3E-43AD16478B6A}
	EndGlobalSection
EndGlobal
